
Microsoft Visual Studio Solution File, Format Version 12.00
Project("{FAE04EC0-301F-11D3-BF4B-00C04F79EFBC}") = "ConsoleTODOApp", "ConsoleTODOApp\ConsoleTODOApp.csproj", "{F4A72597-D4A8-4CF9-AB07-BC1752227E5F}"
EndProject
Project("{FAE04EC0-301F-11D3-BF4B-00C04F79EFBC}") = "ConsoleTODOApp.Library", "ConsoleTODOApp.Library\ConsoleTODOApp.Library.csproj", "{8728DF33-8A3F-4402-8E48-FA1704BB0E30}"
EndProject
Global
	GlobalSection(SolutionConfigurationPlatforms) = preSolution
		Debug|Any CPU = Debug|Any CPU
		Release|Any CPU = Release|Any CPU
	EndGlobalSection
	GlobalSection(ProjectConfigurationPlatforms) = postSolution
		{F4A72597-D4A8-4CF9-AB07-BC1752227E5F}.Debug|Any CPU.ActiveCfg = Debug|Any CPU
		{F4A72597-D4A8-4CF9-AB07-BC1752227E5F}.Debug|Any CPU.Build.0 = Debug|Any CPU
		{F4A72597-D4A8-4CF9-AB07-BC1752227E5F}.Release|Any CPU.ActiveCfg = Release|Any CPU
		{F4A72597-D4A8-4CF9-AB07-BC1752227E5F}.Release|Any CPU.Build.0 = Release|Any CPU
		{8728DF33-8A3F-4402-8E48-FA1704BB0E30}.Debug|Any CPU.ActiveCfg = Debug|Any CPU
		{8728DF33-8A3F-4402-8E48-FA1704BB0E30}.Debug|Any CPU.Build.0 = Debug|Any CPU
		{8728DF33-8A3F-4402-8E48-FA1704BB0E30}.Release|Any CPU.ActiveCfg = Release|Any CPU
		{8728DF33-8A3F-4402-8E48-FA1704BB0E30}.Release|Any CPU.Build.0 = Release|Any CPU
	EndGlobalSection
EndGlobal
